
Microsoft Visual Studio Solution File, Format Version 12.00
# Visual Studio Version 16
VisualStudioVersion = 16.0.28922.388
MinimumVisualStudioVersion = 10.0.40219.1
Project("{FAE04EC0-301F-11D3-BF4B-00C04F79EFBC}") = "ModelBuilder", "src\ModelBuilder.csproj", "{3B2608E4-F417-51A7-BFFE-72CEA697161C}"
EndProject
Project("{FAE04EC0-301F-11D3-BF4B-00C04F79EFBC}") = "UnitTestApp", "UnitTestApp\UnitTestApp.csproj", "{1E9D9A41-F3BF-4DB9-A93E-9D71E7CDE608}"
EndProject
Project("{D954291E-2A0B-460D-934E-DC6B0785DB48}") = "Models", "Models\Models.shproj", "{D15A2680-4450-483A-8D4F-6F5674E41D2B}"
EndProject
Global
	GlobalSection(SharedMSBuildProjectFiles) = preSolution
		Models\Models.projitems*{3b2608e4-f417-51a7-bffe-72cea697161c}*SharedItemsImports = 4
		Models\Models.projitems*{d15a2680-4450-483a-8d4f-6f5674e41d2b}*SharedItemsImports = 13
	EndGlobalSection
	GlobalSection(SolutionConfigurationPlatforms) = preSolution
		Debug|ARM = Debug|ARM
		Debug|ARM64 = Debug|ARM64
		Debug|x64 = Debug|x64
		Debug|x86 = Debug|x86
		Release|ARM = Release|ARM
		Release|ARM64 = Release|ARM64
		Release|x64 = Release|x64
		Release|x86 = Release|x86
	EndGlobalSection
	GlobalSection(ProjectConfigurationPlatforms) = postSolution
		{3B2608E4-F417-51A7-BFFE-72CEA697161C}.Debug|ARM.ActiveCfg = Debug|ARM
		{3B2608E4-F417-51A7-BFFE-72CEA697161C}.Debug|ARM.Build.0 = Debug|ARM
		{3B2608E4-F417-51A7-BFFE-72CEA697161C}.Debug|ARM.Deploy.0 = Debug|ARM
		{3B2608E4-F417-51A7-BFFE-72CEA697161C}.Debug|ARM64.ActiveCfg = Debug|x86
		{3B2608E4-F417-51A7-BFFE-72CEA697161C}.Debug|x64.ActiveCfg = Debug|x64
		{3B2608E4-F417-51A7-BFFE-72CEA697161C}.Debug|x64.Build.0 = Debug|x64
		{3B2608E4-F417-51A7-BFFE-72CEA697161C}.Debug|x64.Deploy.0 = Debug|x64
		{3B2608E4-F417-51A7-BFFE-72CEA697161C}.Debug|x86.ActiveCfg = Debug|x86
		{3B2608E4-F417-51A7-BFFE-72CEA697161C}.Debug|x86.Build.0 = Debug|x86
		{3B2608E4-F417-51A7-BFFE-72CEA697161C}.Debug|x86.Deploy.0 = Debug|x86
		{3B2608E4-F417-51A7-BFFE-72CEA697161C}.Release|ARM.ActiveCfg = Release|ARM
		{3B2608E4-F417-51A7-BFFE-72CEA697161C}.Release|ARM.Build.0 = Release|ARM
		{3B2608E4-F417-51A7-BFFE-72CEA697161C}.Release|ARM.Deploy.0 = Release|ARM
		{3B2608E4-F417-51A7-BFFE-72CEA697161C}.Release|ARM64.ActiveCfg = Release|x86
		{3B2608E4-F417-51A7-BFFE-72CEA697161C}.Release|x64.ActiveCfg = Release|x64
		{3B2608E4-F417-51A7-BFFE-72CEA697161C}.Release|x64.Build.0 = Release|x64
		{3B2608E4-F417-51A7-BFFE-72CEA697161C}.Release|x64.Deploy.0 = Release|x64
		{3B2608E4-F417-51A7-BFFE-72CEA697161C}.Release|x86.ActiveCfg = Release|x86
		{3B2608E4-F417-51A7-BFFE-72CEA697161C}.Release|x86.Build.0 = Release|x86
		{3B2608E4-F417-51A7-BFFE-72CEA697161C}.Release|x86.Deploy.0 = Release|x86
		{1E9D9A41-F3BF-4DB9-A93E-9D71E7CDE608}.Debug|ARM.ActiveCfg = Debug|ARM
		{1E9D9A41-F3BF-4DB9-A93E-9D71E7CDE608}.Debug|ARM.Build.0 = Debug|ARM
		{1E9D9A41-F3BF-4DB9-A93E-9D71E7CDE608}.Debug|ARM.Deploy.0 = Debug|ARM
		{1E9D9A41-F3BF-4DB9-A93E-9D71E7CDE608}.Debug|ARM64.ActiveCfg = Debug|ARM64
		{1E9D9A41-F3BF-4DB9-A93E-9D71E7CDE608}.Debug|ARM64.Build.0 = Debug|ARM64
		{1E9D9A41-F3BF-4DB9-A93E-9D71E7CDE608}.Debug|ARM64.Deploy.0 = Debug|ARM64
		{1E9D9A41-F3BF-4DB9-A93E-9D71E7CDE608}.Debug|x64.ActiveCfg = Debug|x64
		{1E9D9A41-F3BF-4DB9-A93E-9D71E7CDE608}.Debug|x64.Build.0 = Debug|x64
		{1E9D9A41-F3BF-4DB9-A93E-9D71E7CDE608}.Debug|x64.Deploy.0 = Debug|x64
		{1E9D9A41-F3BF-4DB9-A93E-9D71E7CDE608}.Debug|x86.ActiveCfg = Debug|x86
		{1E9D9A41-F3BF-4DB9-A93E-9D71E7CDE608}.Debug|x86.Build.0 = Debug|x86
		{1E9D9A41-F3BF-4DB9-A93E-9D71E7CDE608}.Debug|x86.Deploy.0 = Debug|x86
		{1E9D9A41-F3BF-4DB9-A93E-9D71E7CDE608}.Release|ARM.ActiveCfg = Release|ARM
		{1E9D9A41-F3BF-4DB9-A93E-9D71E7CDE608}.Release|ARM.Build.0 = Release|ARM
		{1E9D9A41-F3BF-4DB9-A93E-9D71E7CDE608}.Release|ARM.Deploy.0 = Release|ARM
		{1E9D9A41-F3BF-4DB9-A93E-9D71E7CDE608}.Release|ARM64.ActiveCfg = Release|ARM64
		{1E9D9A41-F3BF-4DB9-A93E-9D71E7CDE608}.Release|ARM64.Build.0 = Release|ARM64
		{1E9D9A41-F3BF-4DB9-A93E-9D71E7CDE608}.Release|ARM64.Deploy.0 = Release|ARM64
		{1E9D9A41-F3BF-4DB9-A93E-9D71E7CDE608}.Release|x64.ActiveCfg = Release|x64
		{1E9D9A41-F3BF-4DB9-A93E-9D71E7CDE608}.Release|x64.Build.0 = Release|x64
		{1E9D9A41-F3BF-4DB9-A93E-9D71E7CDE608}.Release|x64.Deploy.0 = Release|x64
		{1E9D9A41-F3BF-4DB9-A93E-9D71E7CDE608}.Release|x86.ActiveCfg = Release|x86
		{1E9D9A41-F3BF-4DB9-A93E-9D71E7CDE608}.Release|x86.Build.0 = Release|x86
		{1E9D9A41-F3BF-4DB9-A93E-9D71E7CDE608}.Release|x86.Deploy.0 = Release|x86
	EndGlobalSection
	GlobalSection(SolutionProperties) = preSolution
		HideSolutionNode = FALSE
	EndGlobalSection
	GlobalSection(ExtensibilityGlobals) = postSolution
		SolutionGuid = {49D3290C-E3C6-4140-B787-47ACECE1F721}
	EndGlobalSection
EndGlobal
